
Microsoft Visual Studio Solution File, Format Version 12.00
# Visual Studio Version 16
VisualStudioVersion = 16.0.30002.166
MinimumVisualStudioVersion = 10.0.40219.1
Project("{FAE04EC0-301F-11D3-BF4B-00C04F79EFBC}") = "Dimension", "Dimension.csproj", "{C485ADC0-291C-4678-A10F-CF7BA327EF95}"
EndProject
Global
	GlobalSection(SolutionConfigurationPlatforms) = preSolution
		Debug|Any CPU = Debug|Any CPU
		Release|Any CPU = Release|Any CPU
	EndGlobalSection
	GlobalSection(ProjectConfigurationPlatforms) = postSolution
		{C485ADC0-291C-4678-A10F-CF7BA327EF95}.Debug|Any CPU.ActiveCfg = Debug|Any CPU
		{C485ADC0-291C-4678-A10F-CF7BA327EF95}.Debug|Any CPU.Build.0 = Debug|Any CPU
		{C485ADC0-291C-4678-A10F-CF7BA327EF95}.Release|Any CPU.ActiveCfg = Release|Any CPU
		{C485ADC0-291C-4678-A10F-CF7BA327EF95}.Release|Any CPU.Build.0 = Release|Any CPU
	EndGlobalSection
	GlobalSection(SolutionProperties) = preSolution
		HideSolutionNode = FALSE
	EndGlobalSection
	GlobalSection(ExtensibilityGlobals) = postSolution
		SolutionGuid = {EBD4890B-4EF4-4879-9304-2BF7386075C8}
	EndGlobalSection
EndGlobal
